
Microsoft Visual Studio Solution File, Format Version 12.00
# Visual Studio Version 16
VisualStudioVersion = 16.0.30717.126
MinimumVisualStudioVersion = 10.0.40219.1
Project("{9A19103F-16F7-4668-BE54-9A1E7A4F7556}") = "AppointmentBooking.Web", "AppointmentBooking.Web\AppointmentBooking.Web.csproj", "{96EDE068-F239-4D20-A899-7B3C37095932}"
EndProject
Project("{9A19103F-16F7-4668-BE54-9A1E7A4F7556}") = "AppointmentBooking.Service", "AppointmentBooking.Service\AppointmentBooking.Service.csproj", "{E8B05EAC-6C3F-4C46-A705-7F7DB03C0BF9}"
EndProject
Project("{9A19103F-16F7-4668-BE54-9A1E7A4F7556}") = "AppointmentBooking.Data", "AppointmentBooking.Data\AppointmentBooking.Data.csproj", "{21316CB5-659C-4300-839F-7A5D8E3A5CAA}"
EndProject
Global
	GlobalSection(SolutionConfigurationPlatforms) = preSolution
		Debug|Any CPU = Debug|Any CPU
		Release|Any CPU = Release|Any CPU
	EndGlobalSection
	GlobalSection(ProjectConfigurationPlatforms) = postSolution
		{96EDE068-F239-4D20-A899-7B3C37095932}.Debug|Any CPU.ActiveCfg = Debug|Any CPU
		{96EDE068-F239-4D20-A899-7B3C37095932}.Debug|Any CPU.Build.0 = Debug|Any CPU
		{96EDE068-F239-4D20-A899-7B3C37095932}.Release|Any CPU.ActiveCfg = Release|Any CPU
		{96EDE068-F239-4D20-A899-7B3C37095932}.Release|Any CPU.Build.0 = Release|Any CPU
		{E8B05EAC-6C3F-4C46-A705-7F7DB03C0BF9}.Debug|Any CPU.ActiveCfg = Debug|Any CPU
		{E8B05EAC-6C3F-4C46-A705-7F7DB03C0BF9}.Debug|Any CPU.Build.0 = Debug|Any CPU
		{E8B05EAC-6C3F-4C46-A705-7F7DB03C0BF9}.Release|Any CPU.ActiveCfg = Release|Any CPU
		{E8B05EAC-6C3F-4C46-A705-7F7DB03C0BF9}.Release|Any CPU.Build.0 = Release|Any CPU
		{21316CB5-659C-4300-839F-7A5D8E3A5CAA}.Debug|Any CPU.ActiveCfg = Debug|Any CPU
		{21316CB5-659C-4300-839F-7A5D8E3A5CAA}.Debug|Any CPU.Build.0 = Debug|Any CPU
		{21316CB5-659C-4300-839F-7A5D8E3A5CAA}.Release|Any CPU.ActiveCfg = Release|Any CPU
		{21316CB5-659C-4300-839F-7A5D8E3A5CAA}.Release|Any CPU.Build.0 = Release|Any CPU
	EndGlobalSection
	GlobalSection(SolutionProperties) = preSolution
		HideSolutionNode = FALSE
	EndGlobalSection
	GlobalSection(ExtensibilityGlobals) = postSolution
		SolutionGuid = {D0B76AE7-BCFE-4EE9-A036-E4B74E50E58E}
	EndGlobalSection
EndGlobal
